{
  "nodes": {
    "flake-utils": {
      "locked": {
        "lastModified": 1644229661,
        "narHash": "sha256-1YdnJAsNy69bpcjuoKdOYQX0YxZBiCYZo4Twxerqv7k=",
        "owner": "numtide",
        "repo": "flake-utils",
        "rev": "3cecb5b042f7f209c56ffd8371b2711a290ec797",
        "type": "github"
      },
      "original": {
        "owner": "numtide",
        "repo": "flake-utils",
        "type": "github"
      }
    },
    "flake-utils_2": {
      "locked": {
        "lastModified": 1644229661,
        "narHash": "sha256-1YdnJAsNy69bpcjuoKdOYQX0YxZBiCYZo4Twxerqv7k=",
        "owner": "numtide",
        "repo": "flake-utils",
        "rev": "3cecb5b042f7f209c56ffd8371b2711a290ec797",
        "type": "github"
      },
      "original": {
        "owner": "numtide",
        "repo": "flake-utils",
        "type": "github"
      }
    },
    "hello-flake": {
      "inputs": {
        "flake-utils": "flake-utils_2",
        "nixpkgs": "nixpkgs"
      },
      "locked": {
        "lastModified": 1646110237,
        "narHash": "sha256-ySZ8ibWhokqLY4WTht/Y/bypyX3H0pwE52BW2bzCf24=",
        "owner": "sbellem",
        "repo": "hello-flake",
        "rev": "4430cad59241c01d6949d714bcd8c326cccb87f1",
        "type": "github"
      },
      "original": {
        "owner": "sbellem",
        "ref": "overlay",
        "repo": "hello-flake",
        "type": "github"
      }
    },
    "nixpkgs": {
      "locked": {
        "lastModified": 1645952160,
        "narHash": "sha256-L7m/eDDKwX91YW4ZtNvlpNoB8Lzd0wGWLcOZQn12CiY=",
        "owner": "nixos",
        "repo": "nixpkgs",
        "rev": "834dee311464a67a3040fd5498b5cb349a02a092",
        "type": "github"
      },
      "original": {
        "owner": "nixos",
        "repo": "nixpkgs",
        "type": "github"
      }
    },
    "nixpkgs_2": {
      "locked": {
        "lastModified": 1646109749,
        "narHash": "sha256-09nJZGDSoy+1LWX3AqjjQUJPpx9pYYhwOOI32sx7+Fg=",
        "owner": "NixOS",
        "repo": "nixpkgs",
        "rev": "13e74fc7ff2f691da0791db67fe65930403b391d",
        "type": "github"
      },
      "original": {
        "owner": "NixOS",
        "repo": "nixpkgs",
        "type": "github"
      }
    },
    "root": {
      "inputs": {
        "flake-utils": "flake-utils",
        "hello-flake": "hello-flake",
        "nixpkgs": "nixpkgs_2"
      }
    }
  },
  "root": "root",
  "version": 7
}
